
Microsoft Visual Studio Solution File, Format Version 12.00
# Visual Studio Version 17
VisualStudioVersion = 17.1.32228.430
MinimumVisualStudioVersion = 10.0.40219.1
Project("{9A19103F-16F7-4668-BE54-9A1E7A4F7556}") = "PswManagerLibrary", "PswManagerLibrary\PswManagerLibrary.csproj", "{02353A73-B60B-4434-9819-AC8A3ADDE864}"
EndProject
Project("{9A19103F-16F7-4668-BE54-9A1E7A4F7556}") = "PswManager.ConsoleUI", "PswManager.ConsoleUI\PswManager.ConsoleUI.csproj", "{E0FC07AF-04D3-41FA-8E3A-F53939B52ABC}"
EndProject
Project("{9A19103F-16F7-4668-BE54-9A1E7A4F7556}") = "PswManagerTests", "PswManagerTests\PswManagerTests.csproj", "{C4C2C729-7344-4172-AF50-CD1C2FF97522}"
EndProject
Project("{9A19103F-16F7-4668-BE54-9A1E7A4F7556}") = "PswManager.Commands", "PswManager.Commands\PswManager.Commands.csproj", "{EDC2911F-7A40-4BD5-9999-17CB72517BDB}"
EndProject
Project("{9A19103F-16F7-4668-BE54-9A1E7A4F7556}") = "PswManager.Database", "PswManager.Database\PswManager.Database.csproj", "{5472D15F-056E-492A-B7D8-472357A94E39}"
EndProject
Project("{9A19103F-16F7-4668-BE54-9A1E7A4F7556}") = "PswManagerHelperMethods", "PswManagerHelperMethods\PswManagerHelperMethods.csproj", "{F3FB09A3-DB38-470D-BFE1-470D1251A702}"
EndProject
Project("{9A19103F-16F7-4668-BE54-9A1E7A4F7556}") = "PswManager.Encryption", "PswManager.Encryption\PswManager.Encryption.csproj", "{215587A2-F95E-4703-8290-085AB9AC9221}"
EndProject
Project("{9A19103F-16F7-4668-BE54-9A1E7A4F7556}") = "PswManager.Async", "PswManager.Async\PswManager.Async.csproj", "{C1F0F60C-4D57-42D5-8828-D44E275C8F4A}"
EndProject
Global
	GlobalSection(SolutionConfigurationPlatforms) = preSolution
		Debug|Any CPU = Debug|Any CPU
		Release|Any CPU = Release|Any CPU
	EndGlobalSection
	GlobalSection(ProjectConfigurationPlatforms) = postSolution
		{02353A73-B60B-4434-9819-AC8A3ADDE864}.Debug|Any CPU.ActiveCfg = Debug|Any CPU
		{02353A73-B60B-4434-9819-AC8A3ADDE864}.Debug|Any CPU.Build.0 = Debug|Any CPU
		{02353A73-B60B-4434-9819-AC8A3ADDE864}.Release|Any CPU.ActiveCfg = Release|Any CPU
		{02353A73-B60B-4434-9819-AC8A3ADDE864}.Release|Any CPU.Build.0 = Release|Any CPU
		{E0FC07AF-04D3-41FA-8E3A-F53939B52ABC}.Debug|Any CPU.ActiveCfg = Debug|Any CPU
		{E0FC07AF-04D3-41FA-8E3A-F53939B52ABC}.Debug|Any CPU.Build.0 = Debug|Any CPU
		{E0FC07AF-04D3-41FA-8E3A-F53939B52ABC}.Release|Any CPU.ActiveCfg = Release|Any CPU
		{E0FC07AF-04D3-41FA-8E3A-F53939B52ABC}.Release|Any CPU.Build.0 = Release|Any CPU
		{C4C2C729-7344-4172-AF50-CD1C2FF97522}.Debug|Any CPU.ActiveCfg = Debug|Any CPU
		{C4C2C729-7344-4172-AF50-CD1C2FF97522}.Debug|Any CPU.Build.0 = Debug|Any CPU
		{C4C2C729-7344-4172-AF50-CD1C2FF97522}.Release|Any CPU.ActiveCfg = Release|Any CPU
		{C4C2C729-7344-4172-AF50-CD1C2FF97522}.Release|Any CPU.Build.0 = Release|Any CPU
		{EDC2911F-7A40-4BD5-9999-17CB72517BDB}.Debug|Any CPU.ActiveCfg = Debug|Any CPU
		{EDC2911F-7A40-4BD5-9999-17CB72517BDB}.Debug|Any CPU.Build.0 = Debug|Any CPU
		{EDC2911F-7A40-4BD5-9999-17CB72517BDB}.Release|Any CPU.ActiveCfg = Release|Any CPU
		{EDC2911F-7A40-4BD5-9999-17CB72517BDB}.Release|Any CPU.Build.0 = Release|Any CPU
		{5472D15F-056E-492A-B7D8-472357A94E39}.Debug|Any CPU.ActiveCfg = Debug|Any CPU
		{5472D15F-056E-492A-B7D8-472357A94E39}.Debug|Any CPU.Build.0 = Debug|Any CPU
		{5472D15F-056E-492A-B7D8-472357A94E39}.Release|Any CPU.ActiveCfg = Release|Any CPU
		{5472D15F-056E-492A-B7D8-472357A94E39}.Release|Any CPU.Build.0 = Release|Any CPU
		{F3FB09A3-DB38-470D-BFE1-470D1251A702}.Debug|Any CPU.ActiveCfg = Debug|Any CPU
		{F3FB09A3-DB38-470D-BFE1-470D1251A702}.Debug|Any CPU.Build.0 = Debug|Any CPU
		{F3FB09A3-DB38-470D-BFE1-470D1251A702}.Release|Any CPU.ActiveCfg = Release|Any CPU
		{F3FB09A3-DB38-470D-BFE1-470D1251A702}.Release|Any CPU.Build.0 = Release|Any CPU
		{215587A2-F95E-4703-8290-085AB9AC9221}.Debug|Any CPU.ActiveCfg = Debug|Any CPU
		{215587A2-F95E-4703-8290-085AB9AC9221}.Debug|Any CPU.Build.0 = Debug|Any CPU
		{215587A2-F95E-4703-8290-085AB9AC9221}.Release|Any CPU.ActiveCfg = Release|Any CPU
		{215587A2-F95E-4703-8290-085AB9AC9221}.Release|Any CPU.Build.0 = Release|Any CPU
		{C1F0F60C-4D57-42D5-8828-D44E275C8F4A}.Debug|Any CPU.ActiveCfg = Debug|Any CPU
		{C1F0F60C-4D57-42D5-8828-D44E275C8F4A}.Debug|Any CPU.Build.0 = Debug|Any CPU
		{C1F0F60C-4D57-42D5-8828-D44E275C8F4A}.Release|Any CPU.ActiveCfg = Release|Any CPU
		{C1F0F60C-4D57-42D5-8828-D44E275C8F4A}.Release|Any CPU.Build.0 = Release|Any CPU
	EndGlobalSection
	GlobalSection(SolutionProperties) = preSolution
		HideSolutionNode = FALSE
	EndGlobalSection
	GlobalSection(ExtensibilityGlobals) = postSolution
		SolutionGuid = {F7BA0EF0-60F1-45C8-8326-60442B31794F}
	EndGlobalSection
EndGlobal
